
Microsoft Visual Studio Solution File, Format Version 12.00
# Visual Studio Version 17
VisualStudioVersion = 17.9.34728.123
MinimumVisualStudioVersion = 10.0.40219.1
Project("{FAE04EC0-301F-11D3-BF4B-00C04F79EFBC}") = "Calculadora de propinas.Android", "Calculadora de propinas\Calculadora de propinas.Android\Calculadora de propinas.Android.csproj", "{BF1EA895-497B-4A6C-8E59-4EE979686413}"
EndProject
Project("{FAE04EC0-301F-11D3-BF4B-00C04F79EFBC}") = "Calculadora de propinas.iOS", "Calculadora de propinas\Calculadora de propinas.iOS\Calculadora de propinas.iOS.csproj", "{958E34C5-407F-4157-94E5-178E5571C62D}"
EndProject
Project("{FAE04EC0-301F-11D3-BF4B-00C04F79EFBC}") = "Calculadora de propinas", "Calculadora de propinas\Calculadora de propinas\Calculadora de propinas.csproj", "{03597226-ECAC-4EEE-BC9D-0CD342E5D5FC}"
EndProject
Global
	GlobalSection(SolutionConfigurationPlatforms) = preSolution
		Debug|Any CPU = Debug|Any CPU
		Debug|iPhone = Debug|iPhone
		Debug|iPhoneSimulator = Debug|iPhoneSimulator
		Release|Any CPU = Release|Any CPU
		Release|iPhone = Release|iPhone
		Release|iPhoneSimulator = Release|iPhoneSimulator
	EndGlobalSection
	GlobalSection(ProjectConfigurationPlatforms) = postSolution
		{BF1EA895-497B-4A6C-8E59-4EE979686413}.Debug|Any CPU.ActiveCfg = Debug|Any CPU
		{BF1EA895-497B-4A6C-8E59-4EE979686413}.Debug|Any CPU.Build.0 = Debug|Any CPU
		{BF1EA895-497B-4A6C-8E59-4EE979686413}.Debug|Any CPU.Deploy.0 = Debug|Any CPU
		{BF1EA895-497B-4A6C-8E59-4EE979686413}.Debug|iPhone.ActiveCfg = Debug|Any CPU
		{BF1EA895-497B-4A6C-8E59-4EE979686413}.Debug|iPhone.Build.0 = Debug|Any CPU
		{BF1EA895-497B-4A6C-8E59-4EE979686413}.Debug|iPhone.Deploy.0 = Debug|Any CPU
		{BF1EA895-497B-4A6C-8E59-4EE979686413}.Debug|iPhoneSimulator.ActiveCfg = Debug|Any CPU
		{BF1EA895-497B-4A6C-8E59-4EE979686413}.Debug|iPhoneSimulator.Build.0 = Debug|Any CPU
		{BF1EA895-497B-4A6C-8E59-4EE979686413}.Debug|iPhoneSimulator.Deploy.0 = Debug|Any CPU
		{BF1EA895-497B-4A6C-8E59-4EE979686413}.Release|Any CPU.ActiveCfg = Release|Any CPU
		{BF1EA895-497B-4A6C-8E59-4EE979686413}.Release|Any CPU.Build.0 = Release|Any CPU
		{BF1EA895-497B-4A6C-8E59-4EE979686413}.Release|Any CPU.Deploy.0 = Release|Any CPU
		{BF1EA895-497B-4A6C-8E59-4EE979686413}.Release|iPhone.ActiveCfg = Release|Any CPU
		{BF1EA895-497B-4A6C-8E59-4EE979686413}.Release|iPhone.Build.0 = Release|Any CPU
		{BF1EA895-497B-4A6C-8E59-4EE979686413}.Release|iPhone.Deploy.0 = Release|Any CPU
		{BF1EA895-497B-4A6C-8E59-4EE979686413}.Release|iPhoneSimulator.ActiveCfg = Release|Any CPU
		{BF1EA895-497B-4A6C-8E59-4EE979686413}.Release|iPhoneSimulator.Build.0 = Release|Any CPU
		{BF1EA895-497B-4A6C-8E59-4EE979686413}.Release|iPhoneSimulator.Deploy.0 = Release|Any CPU
		{958E34C5-407F-4157-94E5-178E5571C62D}.Debug|Any CPU.ActiveCfg = Debug|iPhone
		{958E34C5-407F-4157-94E5-178E5571C62D}.Debug|Any CPU.Build.0 = Debug|iPhone
		{958E34C5-407F-4157-94E5-178E5571C62D}.Debug|Any CPU.Deploy.0 = Debug|iPhone
		{958E34C5-407F-4157-94E5-178E5571C62D}.Debug|iPhone.ActiveCfg = Debug|iPhone
		{958E34C5-407F-4157-94E5-178E5571C62D}.Debug|iPhone.Build.0 = Debug|iPhone
		{958E34C5-407F-4157-94E5-178E5571C62D}.Debug|iPhone.Deploy.0 = Debug|iPhone
		{958E34C5-407F-4157-94E5-178E5571C62D}.Debug|iPhoneSimulator.ActiveCfg = Debug|iPhoneSimulator
		{958E34C5-407F-4157-94E5-178E5571C62D}.Debug|iPhoneSimulator.Build.0 = Debug|iPhoneSimulator
		{958E34C5-407F-4157-94E5-178E5571C62D}.Debug|iPhoneSimulator.Deploy.0 = Debug|iPhoneSimulator
		{958E34C5-407F-4157-94E5-178E5571C62D}.Release|Any CPU.ActiveCfg = Release|iPhoneSimulator
		{958E34C5-407F-4157-94E5-178E5571C62D}.Release|Any CPU.Build.0 = Release|iPhoneSimulator
		{958E34C5-407F-4157-94E5-178E5571C62D}.Release|Any CPU.Deploy.0 = Release|iPhoneSimulator
		{958E34C5-407F-4157-94E5-178E5571C62D}.Release|iPhone.ActiveCfg = Release|iPhone
		{958E34C5-407F-4157-94E5-178E5571C62D}.Release|iPhone.Build.0 = Release|iPhone
		{958E34C5-407F-4157-94E5-178E5571C62D}.Release|iPhone.Deploy.0 = Release|iPhone
		{958E34C5-407F-4157-94E5-178E5571C62D}.Release|iPhoneSimulator.ActiveCfg = Release|iPhoneSimulator
		{958E34C5-407F-4157-94E5-178E5571C62D}.Release|iPhoneSimulator.Build.0 = Release|iPhoneSimulator
		{958E34C5-407F-4157-94E5-178E5571C62D}.Release|iPhoneSimulator.Deploy.0 = Release|iPhoneSimulator
		{03597226-ECAC-4EEE-BC9D-0CD342E5D5FC}.Debug|Any CPU.ActiveCfg = Debug|Any CPU
		{03597226-ECAC-4EEE-BC9D-0CD342E5D5FC}.Debug|Any CPU.Build.0 = Debug|Any CPU
		{03597226-ECAC-4EEE-BC9D-0CD342E5D5FC}.Debug|Any CPU.Deploy.0 = Debug|Any CPU
		{03597226-ECAC-4EEE-BC9D-0CD342E5D5FC}.Debug|iPhone.ActiveCfg = Debug|Any CPU
		{03597226-ECAC-4EEE-BC9D-0CD342E5D5FC}.Debug|iPhone.Build.0 = Debug|Any CPU
		{03597226-ECAC-4EEE-BC9D-0CD342E5D5FC}.Debug|iPhone.Deploy.0 = Debug|Any CPU
		{03597226-ECAC-4EEE-BC9D-0CD342E5D5FC}.Debug|iPhoneSimulator.ActiveCfg = Debug|Any CPU
		{03597226-ECAC-4EEE-BC9D-0CD342E5D5FC}.Debug|iPhoneSimulator.Build.0 = Debug|Any CPU
		{03597226-ECAC-4EEE-BC9D-0CD342E5D5FC}.Debug|iPhoneSimulator.Deploy.0 = Debug|Any CPU
		{03597226-ECAC-4EEE-BC9D-0CD342E5D5FC}.Release|Any CPU.ActiveCfg = Release|Any CPU
		{03597226-ECAC-4EEE-BC9D-0CD342E5D5FC}.Release|Any CPU.Build.0 = Release|Any CPU
		{03597226-ECAC-4EEE-BC9D-0CD342E5D5FC}.Release|Any CPU.Deploy.0 = Release|Any CPU
		{03597226-ECAC-4EEE-BC9D-0CD342E5D5FC}.Release|iPhone.ActiveCfg = Release|Any CPU
		{03597226-ECAC-4EEE-BC9D-0CD342E5D5FC}.Release|iPhone.Build.0 = Release|Any CPU
		{03597226-ECAC-4EEE-BC9D-0CD342E5D5FC}.Release|iPhone.Deploy.0 = Release|Any CPU
		{03597226-ECAC-4EEE-BC9D-0CD342E5D5FC}.Release|iPhoneSimulator.ActiveCfg = Release|Any CPU
		{03597226-ECAC-4EEE-BC9D-0CD342E5D5FC}.Release|iPhoneSimulator.Build.0 = Release|Any CPU
		{03597226-ECAC-4EEE-BC9D-0CD342E5D5FC}.Release|iPhoneSimulator.Deploy.0 = Release|Any CPU
	EndGlobalSection
	GlobalSection(SolutionProperties) = preSolution
		HideSolutionNode = FALSE
	EndGlobalSection
	GlobalSection(ExtensibilityGlobals) = postSolution
		SolutionGuid = {6F7F0D48-571D-487A-AD6C-95341D553F4F}
	EndGlobalSection
EndGlobal
